{
  "version": "5",
  "specifiers": {
    "jsr:@hono/hono@^4.8.3": "4.12.8",
    "jsr:@hono/zod-validator@~0.7.6": "0.7.6",
    "jsr:@std/assert@1": "1.0.15",
    "jsr:@std/bytes@^1.0.6": "1.0.6",
    "jsr:@std/crypto@^1.0.5": "1.0.5",
    "jsr:@std/csv@^1.0.6": "1.0.6",
    "jsr:@std/dotenv@~0.225.5": "0.225.5",
    "jsr:@std/internal@^1.0.12": "1.0.12",
    "jsr:@std/streams@^1.0.9": "1.0.17",
    "jsr:@std/uuid@*": "1.1.0",
    "jsr:@std/uuid@^1.1.0": "1.1.0",
    "jsr:@zod/zod@^4.3.6": "4.3.6",
    "npm:@biomejs/biome@*": "2.4.11",
    "npm:@biomejs/biome@^2.4.11": "2.4.11",
    "npm:@commitlint/cli@*": "20.5.0_@types+node@25.5.0_typescript@6.0.3",
    "npm:@commitlint/cli@^20.5.0": "20.5.0_@types+node@25.5.0_typescript@6.0.3",
    "npm:@commitlint/config-conventional@^20.5.0": "20.5.0",
    "npm:@supabase/supabase-js@^2.81.1": "2.81.1",
    "npm:hono@^4.10.6": "4.10.6",
    "npm:jose@^6.1.2": "6.1.2",
    "npm:zod@^4.1.13": "4.3.6"
  },
  "jsr": {
    "@hono/hono@4.12.8": {
      "integrity": "1997fde8abf28e84d821c9c867229be020e268d4749397aec071305bf54db297"
    },
    "@hono/zod-validator@0.7.6": {
      "integrity": "cc15ec57dd8a49e49d81f1790fb2d35cb96c9d3b8b14d8d0b851c00ab00e50ca",
      "dependencies": [
        "jsr:@hono/hono",
        "npm:zod"
      ]
    },
    "@std/assert@1.0.15": {
      "integrity": "d64018e951dbdfab9777335ecdb000c0b4e3df036984083be219ce5941e4703b",
      "dependencies": [
        "jsr:@std/internal"
      ]
    },
    "@std/bytes@1.0.6": {
      "integrity": "f6ac6adbd8ccd99314045f5703e23af0a68d7f7e58364b47d2c7f408aeb5820a"
    },
    "@std/crypto@1.0.5": {
      "integrity": "0dcfbb319fe0bba1bd3af904ceb4f948cde1b92979ec1614528380ed308a3b40"
    },
    "@std/csv@1.0.6": {
      "integrity": "52ef0e62799a0028d278fa04762f17f9bd263fad9a8e7f98c14fbd371d62d9fd",
      "dependencies": [
        "jsr:@std/streams"
      ]
    },
    "@std/dotenv@0.225.5": {
      "integrity": "9ce6f9d0ec3311f74a32535aa1b8c62ed88b1ab91b7f0815797d77a6f60c922f"
    },
    "@std/internal@1.0.12": {
      "integrity": "972a634fd5bc34b242024402972cd5143eac68d8dffaca5eaa4dba30ce17b027"
    },
    "@std/streams@1.0.17": {
      "integrity": "7859f3d9deed83cf4b41f19223d4a67661b3d3819e9fc117698f493bf5992140",
      "dependencies": [
        "jsr:@std/bytes"
      ]
    },
    "@std/uuid@1.1.0": {
      "integrity": "6268db2ccf172849c9be80763354ca305d49ef4af41fe995623d44fcc3f7457c",
      "dependencies": [
        "jsr:@std/bytes",
        "jsr:@std/crypto"
      ]
    },
    "@zod/zod@4.3.6": {
      "integrity": "7144e5e11f8ffc3cf6e2fca624f6597a8762898aac9868cc8938e9398b96ffe4"
    }
  },
  "npm": {
    "@babel/code-frame@7.29.0": {
      "integrity": "sha512-9NhCeYjq9+3uxgdtp20LSiJXJvN0FeCtNGpJxuMFZ1Kv3cWUNb6DOhJwUvcVCzKGR66cw4njwM6hrJLqgOwbcw==",
      "dependencies": [
        "@babel/helper-validator-identifier",
        "js-tokens",
        "picocolors"
      ]
    },
    "@babel/helper-validator-identifier@7.28.5": {
      "integrity": "sha512-qSs4ifwzKJSV39ucNjsvc6WVHs6b7S03sOh2OcHF9UHfVPqWWALUsNUVzhSBiItjRZoLHx7nIarVjqKVusUZ1Q=="
    },
    "@biomejs/biome@2.4.11": {
      "integrity": "sha512-nWxHX8tf3Opb/qRgZpBbsTOqOodkbrkJ7S+JxJAruxOReaDPPmPuLBAGQ8vigyUgo0QBB+oQltNEAvalLcjggA==",
      "optionalDependencies": [
        "@biomejs/cli-darwin-arm64",
        "@biomejs/cli-darwin-x64",
        "@biomejs/cli-linux-arm64",
        "@biomejs/cli-linux-arm64-musl",
        "@biomejs/cli-linux-x64",
        "@biomejs/cli-linux-x64-musl",
        "@biomejs/cli-win32-arm64",
        "@biomejs/cli-win32-x64"
      ],
      "bin": true
    },
    "@biomejs/cli-darwin-arm64@2.4.11": {
      "integrity": "sha512-wOt+ed+L2dgZanWyL6i29qlXMc088N11optzpo10peayObBaAshbTcxKUchzEMp9QSY8rh5h6VfAFE3WTS1rqg==",
      "os": ["darwin"],
      "cpu": ["arm64"]
    },
    "@biomejs/cli-darwin-x64@2.4.11": {
      "integrity": "sha512-gZ6zR8XmZlExfi/Pz/PffmdpWOQ8Qhy7oBztgkR8/ylSRyLwfRPSadmiVCV8WQ8PoJ2MWUy2fgID9zmtgUUJmw==",
      "os": ["darwin"],
      "cpu": ["x64"]
    },
    "@biomejs/cli-linux-arm64-musl@2.4.11": {
      "integrity": "sha512-+Sbo1OAmlegtdwqFE8iOxFIWLh1B3OEgsuZfBpyyN/kWuqZ8dx9ZEes6zVnDMo+zRHF2wLynRVhoQmV7ohxl2Q==",
      "os": ["linux"],
      "cpu": ["arm64"]
    },
    "@biomejs/cli-linux-arm64@2.4.11": {
      "integrity": "sha512-avdJaEElXrKceK0va9FkJ4P5ci3N01TGkc6ni3P8l3BElqbOz42Wg2IyX3gbh0ZLEd4HVKEIrmuVu/AMuSeFFA==",
      "os": ["linux"],
      "cpu": ["arm64"]
    },
    "@biomejs/cli-linux-x64-musl@2.4.11": {
      "integrity": "sha512-bexd2IklK7ZgPhrz6jXzpIL6dEAH9MlJU1xGTrypx+FICxrXUp4CqtwfiuoDKse+UlgAlWtzML3jrMqeEAHEhA==",
      "os": ["linux"],
      "cpu": ["x64"]
    },
    "@biomejs/cli-linux-x64@2.4.11": {
      "integrity": "sha512-TagWV0iomp5LnEnxWFg4nQO+e52Fow349vaX0Q/PIcX6Zhk4GGBgp3qqZ8PVkpC+cuehRctMf3+6+FgQ8jCEFQ==",
      "os": ["linux"],
      "cpu": ["x64"]
    },
    "@biomejs/cli-win32-arm64@2.4.11": {
      "integrity": "sha512-RJhaTnY8byzxDt4bDVb7AFPHkPcjOPK3xBip4ZRTrN3TEfyhjLRm3r3mqknqydgVTB74XG8l4jMLwEACEeihVg==",
      "os": ["win32"],
      "cpu": ["arm64"]
    },
    "@biomejs/cli-win32-x64@2.4.11": {
      "integrity": "sha512-A8D3JM/00C2KQgUV3oj8Ba15EHEYwebAGCy5Sf9GAjr5Y3+kJIYOiESoqRDeuRZueuMdCsbLZIUqmPhpYXJE9A==",
      "os": ["win32"],
      "cpu": ["x64"]
    },
    "@commitlint/cli@20.5.0_@types+node@25.5.0_typescript@6.0.3": {
      "integrity": "sha512-yNkyN/tuKTJS3wdVfsZ2tXDM4G4Gi7z+jW54Cki8N8tZqwKBltbIvUUrSbT4hz1bhW/h0CdR+5sCSpXD+wMKaQ==",
      "dependencies": [
        "@commitlint/format",
        "@commitlint/lint",
        "@commitlint/load",
        "@commitlint/read",
        "@commitlint/types",
        "tinyexec",
        "yargs"
      ],
      "bin": true
    },
    "@commitlint/config-conventional@20.5.0": {
      "integrity": "sha512-t3Ni88rFw1XMa4nZHgOKJ8fIAT9M2j5TnKyTqJzsxea7FUetlNdYFus9dz+MhIRZmc16P0PPyEfh6X2d/qw8SA==",
      "dependencies": [
        "@commitlint/types",
        "conventional-changelog-conventionalcommits"
      ]
    },
    "@commitlint/config-validator@20.5.0": {
      "integrity": "sha512-T/Uh6iJUzyx7j35GmHWdIiGRQB+ouZDk0pwAaYq4SXgB54KZhFdJ0vYmxiW6AMYICTIWuyMxDBl1jK74oFp/Gw==",
      "dependencies": [
        "@commitlint/types",
        "ajv"
      ]
    },
    "@commitlint/ensure@20.5.0": {
      "integrity": "sha512-IpHqAUesBeW1EDDdjzJeaOxU9tnogLAyXLRBn03SHlj1SGENn2JGZqSWGkFvBJkJzfXAuCNtsoYzax+ZPS+puw==",
      "dependencies": [
        "@commitlint/types",
        "lodash.camelcase",
        "lodash.kebabcase",
        "lodash.snakecase",
        "lodash.startcase",
        "lodash.upperfirst"
      ]
    },
    "@commitlint/execute-rule@20.0.0": {
      "integrity": "sha512-xyCoOShoPuPL44gVa+5EdZsBVao/pNzpQhkzq3RdtlFdKZtjWcLlUFQHSWBuhk5utKYykeJPSz2i8ABHQA+ZZw=="
    },
    "@commitlint/format@20.5.0": {
      "integrity": "sha512-TI9EwFU/qZWSK7a5qyXMpKPPv3qta7FO4tKW+Wt2al7sgMbLWTsAcDpX1cU8k16TRdsiiet9aOw0zpvRXNJu7Q==",
      "dependencies": [
        "@commitlint/types",
        "picocolors"
      ]
    },
    "@commitlint/is-ignored@20.5.0": {
      "integrity": "sha512-JWLarAsurHJhPozbuAH6GbP4p/hdOCoqS9zJMfqwswne+/GPs5V0+rrsfOkP68Y8PSLphwtFXV0EzJ+GTXTTGg==",
      "dependencies": [
        "@commitlint/types",
        "semver"
      ]
    },
    "@commitlint/lint@20.5.0": {
      "integrity": "sha512-jiM3hNUdu04jFBf1VgPdjtIPvbuVfDTBAc6L98AWcoLjF5sYqkulBHBzlVWll4rMF1T5zeQFB6r//a+s+BBKlA==",
      "dependencies": [
        "@commitlint/is-ignored",
        "@commitlint/parse",
        "@commitlint/rules",
        "@commitlint/types"
      ]
    },
    "@commitlint/load@20.5.0_@types+node@25.5.0_typescript@6.0.3": {
      "integrity": "sha512-sLhhYTL/KxeOTZjjabKDhwidGZan84XKK1+XFkwDYL/4883kIajcz/dZFAhBJmZPtL8+nBx6bnkzA95YxPeDPw==",
      "dependencies": [
        "@commitlint/config-validator",
        "@commitlint/execute-rule",
        "@commitlint/resolve-extends",
        "@commitlint/types",
        "cosmiconfig",
        "cosmiconfig-typescript-loader",
        "is-plain-obj",
        "lodash.mergewith",
        "picocolors"
      ]
    },
    "@commitlint/message@20.4.3": {
      "integrity": "sha512-6akwCYrzcrFcTYz9GyUaWlhisY4lmQ3KvrnabmhoeAV8nRH4dXJAh4+EUQ3uArtxxKQkvxJS78hNX2EU3USgxQ=="
    },
    "@commitlint/parse@20.5.0": {
      "integrity": "sha512-SeKWHBMk7YOTnnEWUhx+d1a9vHsjjuo6Uo1xRfPNfeY4bdYFasCH1dDpAv13Lyn+dDPOels+jP6D2GRZqzc5fA==",
      "dependencies": [
        "@commitlint/types",
        "conventional-changelog-angular",
        "conventional-commits-parser"
      ]
    },
    "@commitlint/read@20.5.0": {
      "integrity": "sha512-JDEIJ2+GnWpK8QqwfmW7O42h0aycJEWNqcdkJnyzLD11nf9dW2dWLTVEa8Wtlo4IZFGLPATjR5neA5QlOvIH1w==",
      "dependencies": [
        "@commitlint/top-level",
        "@commitlint/types",
        "git-raw-commits",
        "minimist",
        "tinyexec"
      ]
    },
    "@commitlint/resolve-extends@20.5.0": {
      "integrity": "sha512-3SHPWUW2v0tyspCTcfSsYml0gses92l6TlogwzvM2cbxDgmhSRc+fldDjvGkCXJrjSM87BBaWYTPWwwyASZRrg==",
      "dependencies": [
        "@commitlint/config-validator",
        "@commitlint/types",
        "global-directory",
        "import-meta-resolve",
        "lodash.mergewith",
        "resolve-from@5.0.0"
      ]
    },
    "@commitlint/rules@20.5.0": {
      "integrity": "sha512-5NdQXQEdnDPT5pK8O39ZA7HohzPRHEsDGU23cyVCNPQy4WegAbAwrQk3nIu7p2sl3dutPk8RZd91yKTrMTnRkQ==",
      "dependencies": [
        "@commitlint/ensure",
        "@commitlint/message",
        "@commitlint/to-lines",
        "@commitlint/types"
      ]
    },
    "@commitlint/to-lines@20.0.0": {
      "integrity": "sha512-2l9gmwiCRqZNWgV+pX1X7z4yP0b3ex/86UmUFgoRt672Ez6cAM2lOQeHFRUTuE6sPpi8XBCGnd8Kh3bMoyHwJw=="
    },
    "@commitlint/top-level@20.4.3": {
      "integrity": "sha512-qD9xfP6dFg5jQ3NMrOhG0/w5y3bBUsVGyJvXxdWEwBm8hyx4WOk3kKXw28T5czBYvyeCVJgJJ6aoJZUWDpaacQ==",
      "dependencies": [
        "escalade"
      ]
    },
    "@commitlint/types@20.5.0": {
      "integrity": "sha512-ZJoS8oSq2CAZEpc/YI9SulLrdiIyXeHb/OGqGrkUP6Q7YV+0ouNAa7GjqRdXeQPncHQIDz/jbCTlHScvYvO/gA==",
      "dependencies": [
        "conventional-commits-parser",
        "picocolors"
      ]
    },
    "@conventional-changelog/git-client@2.7.0": {
      "integrity": "sha512-j7A8/LBEQ+3rugMzPXoKYzyUPpw/0CBQCyvtTR7Lmu4olG4yRC/Tfkq79Mr3yuPs0SUitlO2HwGP3gitMJnRFw==",
      "dependencies": [
        "@simple-libs/child-process-utils",
        "@simple-libs/stream-utils",
        "semver"
      ]
    },
    "@simple-libs/child-process-utils@1.0.2": {
      "integrity": "sha512-/4R8QKnd/8agJynkNdJmNw2MBxuFTRcNFnE5Sg/G+jkSsV8/UBgULMzhizWWW42p8L5H7flImV2ATi79Ove2Tw==",
      "dependencies": [
        "@simple-libs/stream-utils"
      ]
    },
    "@simple-libs/stream-utils@1.2.0": {
      "integrity": "sha512-KxXvfapcixpz6rVEB6HPjOUZT22yN6v0vI0urQSk1L8MlEWPDFCZkhw2xmkyoTGYeFw7tWTZd7e3lVzRZRN/EA=="
    },
    "@supabase/auth-js@2.81.1": {
      "integrity": "sha512-K20GgiSm9XeRLypxYHa5UCnybWc2K0ok0HLbqCej/wRxDpJxToXNOwKt0l7nO8xI1CyQ+GrNfU6bcRzvdbeopQ==",
      "dependencies": [
        "tslib"
      ]
    },
    "@supabase/functions-js@2.81.1": {
      "integrity": "sha512-sYgSO3mlgL0NvBFS3oRfCK4OgKGQwuOWJLzfPyWg0k8MSxSFSDeN/JtrDJD5GQrxskP6c58+vUzruBJQY78AqQ==",
      "dependencies": [
        "tslib"
      ]
    },
    "@supabase/postgrest-js@2.81.1": {
      "integrity": "sha512-DePpUTAPXJyBurQ4IH2e42DWoA+/Qmr5mbgY4B6ZcxVc/ZUKfTVK31BYIFBATMApWraFc8Q/Sg+yxtfJ3E0wSg==",
      "dependencies": [
        "tslib"
      ]
    },
    "@supabase/realtime-js@2.81.1": {
      "integrity": "sha512-ViQ+Kxm8BuUP/TcYmH9tViqYKGSD1LBjdqx2p5J+47RES6c+0QHedM0PPAjthMdAHWyb2LGATE9PD2++2rO/tw==",
      "dependencies": [
        "@types/phoenix",
        "@types/ws",
        "tslib",
        "ws"
      ]
    },
    "@supabase/storage-js@2.81.1": {
      "integrity": "sha512-UNmYtjnZnhouqnbEMC1D5YJot7y0rIaZx7FG2Fv8S3hhNjcGVvO+h9We/tggi273BFkiahQPS/uRsapo1cSapw==",
      "dependencies": [
        "tslib"
      ]
    },
    "@supabase/supabase-js@2.81.1": {
      "integrity": "sha512-KSdY7xb2L0DlLmlYzIOghdw/na4gsMcqJ8u4sD6tOQJr+x3hLujU9s4R8N3ob84/1bkvpvlU5PYKa1ae+OICnw==",
      "dependencies": [
        "@supabase/auth-js",
        "@supabase/functions-js",
        "@supabase/postgrest-js",
        "@supabase/realtime-js",
        "@supabase/storage-js"
      ]
    },
    "@types/node@25.5.0": {
      "integrity": "sha512-jp2P3tQMSxWugkCUKLRPVUpGaL5MVFwF8RDuSRztfwgN1wmqJeMSbKlnEtQqU8UrhTmzEmZdu2I6v2dpp7XIxw==",
      "dependencies": [
        "undici-types"
      ]
    },
    "@types/phoenix@1.6.6": {
      "integrity": "sha512-PIzZZlEppgrpoT2QgbnDU+MMzuR6BbCjllj0bM70lWoejMeNJAxCchxnv7J3XFkI8MpygtRpzXrIlmWUBclP5A=="
    },
    "@types/ws@8.18.1": {
      "integrity": "sha512-ThVF6DCVhA8kUGy+aazFQ4kXQ7E1Ty7A3ypFOe0IcJV8O/M511G99AW24irKrW56Wt44yG9+ij8FaqoBGkuBXg==",
      "dependencies": [
        "@types/node"
      ]
    },
    "ajv@8.18.0": {
      "integrity": "sha512-PlXPeEWMXMZ7sPYOHqmDyCJzcfNrUr3fGNKtezX14ykXOEIvyK81d+qydx89KY5O71FKMPaQ2vBfBFI5NHR63A==",
      "dependencies": [
        "fast-deep-equal",
        "fast-uri",
        "json-schema-traverse",
        "require-from-string"
      ]
    },
    "ansi-regex@5.0.1": {
      "integrity": "sha512-quJQXlTSUGL2LH9SUXo8VwsY4soanhgo6LNSm84E1LBcE8s3O0wpdiRzyR9z/ZZJMlMWv37qOOb9pdJlMUEKFQ=="
    },
    "ansi-styles@4.3.0": {
      "integrity": "sha512-zbB9rCJAT1rbjiVDb2hqKFHNYLxgtk8NURxZ3IZwD3F6NtxbXZQCnnSi1Lkx+IDohdPlFp222wVALIheZJQSEg==",
      "dependencies": [
        "color-convert"
      ]
    },
    "argparse@2.0.1": {
      "integrity": "sha512-8+9WqebbFzpX9OR+Wa6O29asIogeRMzcGtAINdpMHHyAg10f05aSFVBbcEqGf/PXw1EjAZ+q2/bEBg3DvurK3Q=="
    },
    "array-ify@1.0.0": {
      "integrity": "sha512-c5AMf34bKdvPhQ7tBGhqkgKNUzMr4WUs+WDtC2ZUGOUncbxKMTvqxYctiseW3+L4bA8ec+GcZ6/A/FW4m8ukng=="
    },
    "callsites@3.1.0": {
      "integrity": "sha512-P8BjAsXvZS+VIDUI11hHCQEv74YT67YUi5JJFNWIqL235sBmjX4+qx9Muvls5ivyNENctx46xQLQ3aTuE7ssaQ=="
    },
    "cliui@8.0.1": {
      "integrity": "sha512-BSeNnyus75C4//NQ9gQt1/csTXyo/8Sb+afLAkzAptFuMsod9HFokGNudZpi/oQV73hnVK+sR+5PVRMd+Dr7YQ==",
      "dependencies": [
        "string-width",
        "strip-ansi",
        "wrap-ansi"
      ]
    },
    "color-convert@2.0.1": {
      "integrity": "sha512-RRECPsj7iu/xb5oKYcsFHSppFNnsj/52OVTRKb4zP5onXwVF3zVmmToNcOfGC+CRDpfK/U584fMg38ZHCaElKQ==",
      "dependencies": [
        "color-name"
      ]
    },
    "color-name@1.1.4": {
      "integrity": "sha512-dOy+3AuW3a2wNbZHIuMZpTcgjGuLU/uBL/ubcZF9OXbDo8ff4O8yVp5Bf0efS8uEoYo5q4Fx7dY9OgQGXgAsQA=="
    },
    "compare-func@2.0.0": {
      "integrity": "sha512-zHig5N+tPWARooBnb0Zx1MFcdfpyJrfTJ3Y5L+IFvUm8rM74hHz66z0gw0x4tijh5CorKkKUCnW82R2vmpeCRA==",
      "dependencies": [
        "array-ify",
        "dot-prop"
      ]
    },
    "conventional-changelog-angular@8.3.1": {
      "integrity": "sha512-6gfI3otXK5Ph5DfCOI1dblr+kN3FAm5a97hYoQkqNZxOaYa5WKfXH+AnpsmS+iUH2mgVC2Cg2Qw9m5OKcmNrIg==",
      "dependencies": [
        "compare-func"
      ]
    },
    "conventional-changelog-conventionalcommits@9.3.1": {
      "integrity": "sha512-dTYtpIacRpcZgrvBYvBfArMmK2xvIpv2TaxM0/ZI5CBtNUzvF2x0t15HsbRABWprS6UPmvj+PzHVjSx4qAVKyw==",
      "dependencies": [
        "compare-func"
      ]
    },
    "conventional-commits-parser@6.4.0": {
      "integrity": "sha512-tvRg7FIBNlyPzjdG8wWRlPHQJJHI7DylhtRGeU9Lq+JuoPh5BKpPRX83ZdLrvXuOSu5Eo/e7SzOQhU4Hd2Miuw==",
      "dependencies": [
        "@simple-libs/stream-utils",
        "meow"
      ],
      "bin": true
    },
    "cosmiconfig-typescript-loader@6.3.0_@types+node@25.5.0_cosmiconfig@9.0.1__typescript@6.0.3_typescript@6.0.3": {
      "integrity": "sha512-Akr82WH1Wfqatyiqpj8HDkO2o2KmJRu1FhKfSNJP3K4IdXwHfEyL7MOb62i1AGQVLtIQM+iCE9CGOtrfhR+mmA==",
      "dependencies": [
        "@types/node",
        "cosmiconfig",
        "jiti",
        "typescript"
      ]
    },
    "cosmiconfig@9.0.1_typescript@6.0.3": {
      "integrity": "sha512-hr4ihw+DBqcvrsEDioRO31Z17x71pUYoNe/4h6Z0wB72p7MU7/9gH8Q3s12NFhHPfYBBOV3qyfUxmr/Yn3shnQ==",
      "dependencies": [
        "env-paths",
        "import-fresh",
        "js-yaml",
        "parse-json",
        "typescript"
      ],
      "optionalPeers": [
        "typescript"
      ]
    },
    "dot-prop@5.3.0": {
      "integrity": "sha512-QM8q3zDe58hqUqjraQOmzZ1LIH9SWQJTlEKCH4kJ2oQvLZk7RbQXvtDM2XEq3fwkV9CCvvH4LA0AV+ogFsBM2Q==",
      "dependencies": [
        "is-obj"
      ]
    },
    "emoji-regex@8.0.0": {
      "integrity": "sha512-MSjYzcWNOA0ewAHpz0MxpYFvwg6yjy1NG3xteoqz644VCo/RPgnr1/GGt+ic3iJTzQ8Eu3TdM14SawnVUmGE6A=="
    },
    "env-paths@2.2.1": {
      "integrity": "sha512-+h1lkLKhZMTYjog1VEpJNG7NZJWcuc2DDk/qsqSTRRCOXiLjeQ1d1/udrUGhqMxUgAlwKNZ0cf2uqan5GLuS2A=="
    },
    "error-ex@1.3.4": {
      "integrity": "sha512-sqQamAnR14VgCr1A618A3sGrygcpK+HEbenA/HiEAkkUwcZIIB/tgWqHFxWgOyDh4nB4JCRimh79dR5Ywc9MDQ==",
      "dependencies": [
        "is-arrayish"
      ]
    },
    "escalade@3.2.0": {
      "integrity": "sha512-WUj2qlxaQtO4g6Pq5c29GTcWGDyd8itL8zTlipgECz3JesAiiOKotd8JU6otB3PACgG6xkJUyVhboMS+bje/jA=="
    },
    "fast-deep-equal@3.1.3": {
      "integrity": "sha512-f3qQ9oQy9j2AhBe/H9VC91wLmKBCCU/gDOnKNAYG5hswO7BLKj09Hc5HYNz9cGI++xlpDCIgDaitVs03ATR84Q=="
    },
    "fast-uri@3.1.0": {
      "integrity": "sha512-iPeeDKJSWf4IEOasVVrknXpaBV0IApz/gp7S2bb7Z4Lljbl2MGJRqInZiUrQwV16cpzw/D3S5j5Julj/gT52AA=="
    },
    "get-caller-file@2.0.5": {
      "integrity": "sha512-DyFP3BM/3YHTQOCUL/w0OZHR0lpKeGrxotcHWcqNEdnltqFwXVfhEBQ94eIo34AfQpo0rGki4cyIiftY06h2Fg=="
    },
    "git-raw-commits@5.0.1": {
      "integrity": "sha512-Y+csSm2GD/PCSh6Isd/WiMjNAydu0VBiG9J7EdQsNA5P9uXvLayqjmTsNlK5Gs9IhblFZqOU0yid5Il5JPoLiQ==",
      "dependencies": [
        "@conventional-changelog/git-client",
        "meow"
      ],
      "bin": true
    },
    "global-directory@4.0.1": {
      "integrity": "sha512-wHTUcDUoZ1H5/0iVqEudYW4/kAlN5cZ3j/bXn0Dpbizl9iaUVeWSHqiOjsgk6OW2bkLclbBjzewBz6weQ1zA2Q==",
      "dependencies": [
        "ini"
      ]
    },
    "hono@4.10.6": {
      "integrity": "sha512-BIdolzGpDO9MQ4nu3AUuDwHZZ+KViNm+EZ75Ae55eMXMqLVhDFqEMXxtUe9Qh8hjL+pIna/frs2j6Y2yD5Ua/g=="
    },
    "import-fresh@3.3.1": {
      "integrity": "sha512-TR3KfrTZTYLPB6jUjfx6MF9WcWrHL9su5TObK4ZkYgBdWKPOFoSoQIdEuTuR82pmtxH2spWG9h6etwfr1pLBqQ==",
      "dependencies": [
        "parent-module",
        "resolve-from@4.0.0"
      ]
    },
    "import-meta-resolve@4.2.0": {
      "integrity": "sha512-Iqv2fzaTQN28s/FwZAoFq0ZSs/7hMAHJVX+w8PZl3cY19Pxk6jFFalxQoIfW2826i/fDLXv8IiEZRIT0lDuWcg=="
    },
    "ini@4.1.1": {
      "integrity": "sha512-QQnnxNyfvmHFIsj7gkPcYymR8Jdw/o7mp5ZFihxn6h8Ci6fh3Dx4E1gPjpQEpIuPo9XVNY/ZUwh4BPMjGyL01g=="
    },
    "is-arrayish@0.2.1": {
      "integrity": "sha512-zz06S8t0ozoDXMG+ube26zeCTNXcKIPJZJi8hBrF4idCLms4CG9QtK7qBl1boi5ODzFpjswb5JPmHCbMpjaYzg=="
    },
    "is-fullwidth-code-point@3.0.0": {
      "integrity": "sha512-zymm5+u+sCsSWyD9qNaejV3DFvhCKclKdizYaJUuHA83RLjb7nSuGnddCHGv0hk+KY7BMAlsWeK4Ueg6EV6XQg=="
    },
    "is-obj@2.0.0": {
      "integrity": "sha512-drqDG3cbczxxEJRoOXcOjtdp1J/lyp1mNn0xaznRs8+muBhgQcrnbspox5X5fOw0HnMnbfDzvnEMEtqDEJEo8w=="
    },
    "is-plain-obj@4.1.0": {
      "integrity": "sha512-+Pgi+vMuUNkJyExiMBt5IlFoMyKnr5zhJ4Uspz58WOhBF5QoIZkFyNHIbBAtHwzVAgk5RtndVNsDRN61/mmDqg=="
    },
    "jiti@2.6.1": {
      "integrity": "sha512-ekilCSN1jwRvIbgeg/57YFh8qQDNbwDb9xT/qu2DAHbFFZUicIl4ygVaAvzveMhMVr3LnpSKTNnwt8PoOfmKhQ==",
      "bin": true
    },
    "jose@6.1.2": {
      "integrity": "sha512-MpcPtHLE5EmztuFIqB0vzHAWJPpmN1E6L4oo+kze56LIs3MyXIj9ZHMDxqOvkP38gBR7K1v3jqd4WU2+nrfONQ=="
    },
    "js-tokens@4.0.0": {
      "integrity": "sha512-RdJUflcE3cUzKiMqQgsCu06FPu9UdIJO0beYbPhHN4k6apgJtifcoCtT9bcxOpYBtpD2kCM6Sbzg4CausW/PKQ=="
    },
    "js-yaml@4.1.1": {
      "integrity": "sha512-qQKT4zQxXl8lLwBtHMWwaTcGfFOZviOJet3Oy/xmGk2gZH677CJM9EvtfdSkgWcATZhj/55JZ0rmy3myCT5lsA==",
      "dependencies": [
        "argparse"
      ],
      "bin": true
    },
    "json-parse-even-better-errors@2.3.1": {
      "integrity": "sha512-xyFwyhro/JEof6Ghe2iz2NcXoj2sloNsWr/XsERDK/oiPCfaNhl5ONfp+jQdAZRQQ0IJWNzH9zIZF7li91kh2w=="
    },
    "json-schema-traverse@1.0.0": {
      "integrity": "sha512-NM8/P9n3XjXhIZn1lLhkFaACTOURQXjWhV4BA/RnOv8xvgqtqpAX9IO4mRQxSx1Rlo4tqzeqb0sOlruaOy3dug=="
    },
    "lines-and-columns@1.2.4": {
      "integrity": "sha512-7ylylesZQ/PV29jhEDl3Ufjo6ZX7gCqJr5F7PKrqc93v7fzSymt1BpwEU8nAUXs8qzzvqhbjhK5QZg6Mt/HkBg=="
    },
    "lodash.camelcase@4.3.0": {
      "integrity": "sha512-TwuEnCnxbc3rAvhf/LbG7tJUDzhqXyFnv3dtzLOPgCG/hODL7WFnsbwktkD7yUV0RrreP/l1PALq/YSg6VvjlA=="
    },
    "lodash.kebabcase@4.1.1": {
      "integrity": "sha512-N8XRTIMMqqDgSy4VLKPnJ/+hpGZN+PHQiJnSenYqPaVV/NCqEogTnAdZLQiGKhxX+JCs8waWq2t1XHWKOmlY8g=="
    },
    "lodash.mergewith@4.6.2": {
      "integrity": "sha512-GK3g5RPZWTRSeLSpgP8Xhra+pnjBC56q9FZYe1d5RN3TJ35dbkGy3YqBSMbyCrlbi+CM9Z3Jk5yTL7RCsqboyQ=="
    },
    "lodash.snakecase@4.1.1": {
      "integrity": "sha512-QZ1d4xoBHYUeuouhEq3lk3Uq7ldgyFXGBhg04+oRLnIz8o9T65Eh+8YdroUwn846zchkA9yDsDl5CVVaV2nqYw=="
    },
    "lodash.startcase@4.4.0": {
      "integrity": "sha512-+WKqsK294HMSc2jEbNgpHpd0JfIBhp7rEV4aqXWqFr6AlXov+SlcgB1Fv01y2kGe3Gc8nMW7VA0SrGuSkRfIEg=="
    },
    "lodash.upperfirst@4.3.1": {
      "integrity": "sha512-sReKOYJIJf74dhJONhU4e0/shzi1trVbSWDOhKYE5XV2O+H7Sb2Dihwuc7xWxVl+DgFPyTqIN3zMfT9cq5iWDg=="
    },
    "meow@13.2.0": {
      "integrity": "sha512-pxQJQzB6djGPXh08dacEloMFopsOqGVRKFPYvPOt9XDZ1HasbgDZA74CJGreSU4G3Ak7EFJGoiH2auq+yXISgA=="
    },
    "minimist@1.2.8": {
      "integrity": "sha512-2yyAR8qBkN3YuheJanUpWC5U3bb5osDywNB8RzDVlDwDHbocAJveqqj1u8+SVD7jkWT4yvsHCpWqqWqAxb0zCA=="
    },
    "parent-module@1.0.1": {
      "integrity": "sha512-GQ2EWRpQV8/o+Aw8YqtfZZPfNRWZYkbidE9k5rpl/hC3vtHHBfGm2Ifi6qWV+coDGkrUKZAxE3Lot5kcsRlh+g==",
      "dependencies": [
        "callsites"
      ]
    },
    "parse-json@5.2.0": {
      "integrity": "sha512-ayCKvm/phCGxOkYRSCM82iDwct8/EonSEgCSxWxD7ve6jHggsFl4fZVQBPRNgQoKiuV/odhFrGzQXZwbifC8Rg==",
      "dependencies": [
        "@babel/code-frame",
        "error-ex",
        "json-parse-even-better-errors",
        "lines-and-columns"
      ]
    },
    "picocolors@1.1.1": {
      "integrity": "sha512-xceH2snhtb5M9liqDsmEw56le376mTZkEX/jEb/RxNFyegNul7eNslCXP9FDj/Lcu0X8KEyMceP2ntpaHrDEVA=="
    },
    "require-directory@2.1.1": {
      "integrity": "sha512-fGxEI7+wsG9xrvdjsrlmL22OMTTiHRwAMroiEeMgq8gzoLC/PQr7RsRDSTLUg/bZAZtF+TVIkHc6/4RIKrui+Q=="
    },
    "require-from-string@2.0.2": {
      "integrity": "sha512-Xf0nWe6RseziFMu+Ap9biiUbmplq6S9/p+7w7YXP/JBHhrUDDUhwa+vANyubuqfZWTveU//DYVGsDG7RKL/vEw=="
    },
    "resolve-from@4.0.0": {
      "integrity": "sha512-pb/MYmXstAkysRFx8piNI1tGFNQIFA3vkE3Gq4EuA1dF6gHp/+vgZqsCGJapvy8N3Q+4o7FwvquPJcnZ7RYy4g=="
    },
    "resolve-from@5.0.0": {
      "integrity": "sha512-qYg9KP24dD5qka9J47d0aVky0N+b4fTU89LN9iDnjB5waksiC49rvMB0PrUJQGoTmH50XPiqOvAjDfaijGxYZw=="
    },
    "semver@7.7.4": {
      "integrity": "sha512-vFKC2IEtQnVhpT78h1Yp8wzwrf8CM+MzKMHGJZfBtzhZNycRFnXsHk6E5TxIkkMsgNS7mdX3AGB7x2QM2di4lA==",
      "bin": true
    },
    "string-width@4.2.3": {
      "integrity": "sha512-wKyQRQpjJ0sIp62ErSZdGsjMJWsap5oRNihHhu6G7JVO/9jIB6UyevL+tXuOqrng8j/cxKTWyWUwvSTriiZz/g==",
      "dependencies": [
        "emoji-regex",
        "is-fullwidth-code-point",
        "strip-ansi"
      ]
    },
    "strip-ansi@6.0.1": {
      "integrity": "sha512-Y38VPSHcqkFrCpFnQ9vuSXmquuv5oXOKpGeT6aGrr3o3Gc9AlVa6JBfUSOCnbxGGZF+/0ooI7KrPuUSztUdU5A==",
      "dependencies": [
        "ansi-regex"
      ]
    },
    "tinyexec@1.1.1": {
      "integrity": "sha512-VKS/ZaQhhkKFMANmAOhhXVoIfBXblQxGX1myCQ2faQrfmobMftXeJPcZGp0gS07ocvGJWDLZGyOZDadDBqYIJg=="
    },
    "tslib@2.8.1": {
      "integrity": "sha512-oJFu94HQb+KVduSUQL7wnpmqnfmLsOA/nAh6b6EH0wCEoK0/mPeXU6c3wKDV83MkOuHPRHtSXKKU99IBazS/2w=="
    },
    "typescript@6.0.3": {
      "integrity": "sha512-y2TvuxSZPDyQakkFRPZHKFm+KKVqIisdg9/CZwm9ftvKXLP8NRWj38/ODjNbr43SsoXqNuAisEf1GdCxqWcdBw==",
      "bin": true
    },
    "undici-types@7.18.2": {
      "integrity": "sha512-AsuCzffGHJybSaRrmr5eHr81mwJU3kjw6M+uprWvCXiNeN9SOGwQ3Jn8jb8m3Z6izVgknn1R0FTCEAP2QrLY/w=="
    },
    "wrap-ansi@7.0.0": {
      "integrity": "sha512-YVGIj2kamLSTxw6NsZjoBxfSwsn0ycdesmc4p+Q21c5zPuZ1pl+NfxVdxPtdHvmNVOQ6XSYG4AUtyt/Fi7D16Q==",
      "dependencies": [
        "ansi-styles",
        "string-width",
        "strip-ansi"
      ]
    },
    "ws@8.18.3": {
      "integrity": "sha512-PEIGCY5tSlUt50cqyMXfCzX+oOPqN0vuGqWzbcJ2xvnkzkq46oOpz7dQaTDBdfICb4N14+GARUDw2XV2N4tvzg=="
    },
    "y18n@5.0.8": {
      "integrity": "sha512-0pfFzegeDWJHJIAmTLRP2DwHjdF5s7jo9tuztdQxAhINCdvS+3nGINqPd00AphqJR/0LhANUS6/+7SCb98YOfA=="
    },
    "yargs-parser@21.1.1": {
      "integrity": "sha512-tVpsJW7DdjecAiFpbIB1e3qxIQsE6NoPc5/eTdrbbIC4h0LVsWhnoa3g+m2HclBIujHzsxZ4VJVA+GUuc2/LBw=="
    },
    "yargs@17.7.2": {
      "integrity": "sha512-7dSzzRQ++CKnNI/krKnYRV7JKKPUXMEh61soaHKg9mrWEhzFWhFnxPxGl+69cD1Ou63C13NUPCnmIcrvqCuM6w==",
      "dependencies": [
        "cliui",
        "escalade",
        "get-caller-file",
        "require-directory",
        "string-width",
        "y18n",
        "yargs-parser"
      ]
    },
    "zod@4.3.6": {
      "integrity": "sha512-rftlrkhHZOcjDwkGlnUtZZkvaPHCsDATp4pGpuOOMDaTdDDXF91wuVDJoWoPsKX/3YPQ5fHuF3STjcYyKr+Qhg=="
    }
  },
  "workspace": {
    "dependencies": [
      "jsr:@hono/zod-validator@~0.7.6",
      "jsr:@std/assert@1",
      "jsr:@std/csv@^1.0.6",
      "jsr:@std/dotenv@~0.225.5",
      "jsr:@std/uuid@^1.1.0",
      "jsr:@zod/zod@^4.3.6",
      "npm:@biomejs/biome@^2.4.11",
      "npm:@commitlint/cli@^20.5.0",
      "npm:@commitlint/config-conventional@^20.5.0",
      "npm:@supabase/supabase-js@^2.81.1",
      "npm:hono@^4.10.6",
      "npm:jose@^6.1.2"
    ]
  }
}
